
Microsoft Visual Studio Solution File, Format Version 12.00
# Visual Studio 14
VisualStudioVersion = 14.0.25420.1
MinimumVisualStudioVersion = 10.0.40219.1
Project("{FAE04EC0-301F-11D3-BF4B-00C04F79EFBC}") = "cmstar.Data", "cmstar.Data\cmstar.Data.csproj", "{395D5496-8BE1-43F5-A416-12FB72D79B3A}"
EndProject
Project("{FAE04EC0-301F-11D3-BF4B-00C04F79EFBC}") = "cmstar.Data.Tests", "cmstar.Data.Tests\cmstar.Data.Tests.csproj", "{180B3AD5-B8C2-4B19-B9F8-D7D073DF42FF}"
EndProject
Global
	GlobalSection(SolutionConfigurationPlatforms) = preSolution
		Debug|Any CPU = Debug|Any CPU
		Debug|Mixed Platforms = Debug|Mixed Platforms
		Debug|x86 = Debug|x86
		Release|Any CPU = Release|Any CPU
		Release|Mixed Platforms = Release|Mixed Platforms
		Release|x86 = Release|x86
	EndGlobalSection
	GlobalSection(ProjectConfigurationPlatforms) = postSolution
		{395D5496-8BE1-43F5-A416-12FB72D79B3A}.Debug|Any CPU.ActiveCfg = Debug|Any CPU
		{395D5496-8BE1-43F5-A416-12FB72D79B3A}.Debug|Any CPU.Build.0 = Debug|Any CPU
		{395D5496-8BE1-43F5-A416-12FB72D79B3A}.Debug|Mixed Platforms.ActiveCfg = Debug|Any CPU
		{395D5496-8BE1-43F5-A416-12FB72D79B3A}.Debug|Mixed Platforms.Build.0 = Debug|Any CPU
		{395D5496-8BE1-43F5-A416-12FB72D79B3A}.Debug|x86.ActiveCfg = Debug|Any CPU
		{395D5496-8BE1-43F5-A416-12FB72D79B3A}.Release|Any CPU.ActiveCfg = Release|Any CPU
		{395D5496-8BE1-43F5-A416-12FB72D79B3A}.Release|Any CPU.Build.0 = Release|Any CPU
		{395D5496-8BE1-43F5-A416-12FB72D79B3A}.Release|Mixed Platforms.ActiveCfg = Release|Any CPU
		{395D5496-8BE1-43F5-A416-12FB72D79B3A}.Release|Mixed Platforms.Build.0 = Release|Any CPU
		{395D5496-8BE1-43F5-A416-12FB72D79B3A}.Release|x86.ActiveCfg = Release|Any CPU
		{180B3AD5-B8C2-4B19-B9F8-D7D073DF42FF}.Debug|Any CPU.ActiveCfg = Debug|Any CPU
		{180B3AD5-B8C2-4B19-B9F8-D7D073DF42FF}.Debug|Any CPU.Build.0 = Debug|Any CPU
		{180B3AD5-B8C2-4B19-B9F8-D7D073DF42FF}.Debug|Mixed Platforms.ActiveCfg = Debug|Any CPU
		{180B3AD5-B8C2-4B19-B9F8-D7D073DF42FF}.Debug|Mixed Platforms.Build.0 = Debug|Any CPU
		{180B3AD5-B8C2-4B19-B9F8-D7D073DF42FF}.Debug|x86.ActiveCfg = Debug|Any CPU
		{180B3AD5-B8C2-4B19-B9F8-D7D073DF42FF}.Release|Any CPU.ActiveCfg = Release|Any CPU
		{180B3AD5-B8C2-4B19-B9F8-D7D073DF42FF}.Release|Any CPU.Build.0 = Release|Any CPU
		{180B3AD5-B8C2-4B19-B9F8-D7D073DF42FF}.Release|Mixed Platforms.ActiveCfg = Release|Any CPU
		{180B3AD5-B8C2-4B19-B9F8-D7D073DF42FF}.Release|Mixed Platforms.Build.0 = Release|Any CPU
		{180B3AD5-B8C2-4B19-B9F8-D7D073DF42FF}.Release|x86.ActiveCfg = Release|Any CPU
	EndGlobalSection
	GlobalSection(SolutionProperties) = preSolution
		HideSolutionNode = FALSE
	EndGlobalSection
EndGlobal
